
Microsoft Visual Studio Solution File, Format Version 12.00
# Visual Studio Version 16
VisualStudioVersion = 16.0.31229.75
MinimumVisualStudioVersion = 10.0.40219.1
Project("{FAE04EC0-301F-11D3-BF4B-00C04F79EFBC}") = "BlazorWebAssemblyDB.Server", "BlazorWebAssemblyDB\Server\BlazorWebAssemblyDB.Server.csproj", "{3C0D8268-128E-4651-9DC6-BA7FD5FAEB42}"
EndProject
Project("{FAE04EC0-301F-11D3-BF4B-00C04F79EFBC}") = "BlazorWebAssemblyDB.Client", "BlazorWebAssemblyDB\Client\BlazorWebAssemblyDB.Client.csproj", "{4010BA75-F22E-4701-B291-C062B9494F8C}"
EndProject
Project("{FAE04EC0-301F-11D3-BF4B-00C04F79EFBC}") = "BlazorWebAssemblyDB.Shared", "BlazorWebAssemblyDB\Shared\BlazorWebAssemblyDB.Shared.csproj", "{9C0DBD72-5846-4F1A-9062-E387AD2552DC}"
EndProject
Global
	GlobalSection(SolutionConfigurationPlatforms) = preSolution
		Debug|Any CPU = Debug|Any CPU
		Release|Any CPU = Release|Any CPU
	EndGlobalSection
	GlobalSection(ProjectConfigurationPlatforms) = postSolution
		{3C0D8268-128E-4651-9DC6-BA7FD5FAEB42}.Debug|Any CPU.ActiveCfg = Debug|Any CPU
		{3C0D8268-128E-4651-9DC6-BA7FD5FAEB42}.Debug|Any CPU.Build.0 = Debug|Any CPU
		{3C0D8268-128E-4651-9DC6-BA7FD5FAEB42}.Release|Any CPU.ActiveCfg = Release|Any CPU
		{3C0D8268-128E-4651-9DC6-BA7FD5FAEB42}.Release|Any CPU.Build.0 = Release|Any CPU
		{4010BA75-F22E-4701-B291-C062B9494F8C}.Debug|Any CPU.ActiveCfg = Debug|Any CPU
		{4010BA75-F22E-4701-B291-C062B9494F8C}.Debug|Any CPU.Build.0 = Debug|Any CPU
		{4010BA75-F22E-4701-B291-C062B9494F8C}.Release|Any CPU.ActiveCfg = Release|Any CPU
		{4010BA75-F22E-4701-B291-C062B9494F8C}.Release|Any CPU.Build.0 = Release|Any CPU
		{9C0DBD72-5846-4F1A-9062-E387AD2552DC}.Debug|Any CPU.ActiveCfg = Debug|Any CPU
		{9C0DBD72-5846-4F1A-9062-E387AD2552DC}.Debug|Any CPU.Build.0 = Debug|Any CPU
		{9C0DBD72-5846-4F1A-9062-E387AD2552DC}.Release|Any CPU.ActiveCfg = Release|Any CPU
		{9C0DBD72-5846-4F1A-9062-E387AD2552DC}.Release|Any CPU.Build.0 = Release|Any CPU
	EndGlobalSection
	GlobalSection(SolutionProperties) = preSolution
		HideSolutionNode = FALSE
	EndGlobalSection
	GlobalSection(ExtensibilityGlobals) = postSolution
		SolutionGuid = {7D48774C-3BDF-4057-8BED-166BC4A6EB3E}
	EndGlobalSection
EndGlobal
